
Microsoft Visual Studio Solution File, Format Version 12.00
# Visual Studio Version 17
VisualStudioVersion = 17.11.35327.3
MinimumVisualStudioVersion = 10.0.40219.1
Project("{FAE04EC0-301F-11D3-BF4B-00C04F79EFBC}") = "AppMvc5", "AppMvc5\AppMvc5.csproj", "{28E315D3-D320-47BA-8902-8157332E9550}"
EndProject
Global
	GlobalSection(SolutionConfigurationPlatforms) = preSolution
		Debug|Any CPU = Debug|Any CPU
		Release|Any CPU = Release|Any CPU
	EndGlobalSection
	GlobalSection(ProjectConfigurationPlatforms) = postSolution
		{28E315D3-D320-47BA-8902-8157332E9550}.Debug|Any CPU.ActiveCfg = Debug|Any CPU
		{28E315D3-D320-47BA-8902-8157332E9550}.Debug|Any CPU.Build.0 = Debug|Any CPU
		{28E315D3-D320-47BA-8902-8157332E9550}.Release|Any CPU.ActiveCfg = Release|Any CPU
		{28E315D3-D320-47BA-8902-8157332E9550}.Release|Any CPU.Build.0 = Release|Any CPU
	EndGlobalSection
	GlobalSection(SolutionProperties) = preSolution
		HideSolutionNode = FALSE
	EndGlobalSection
	GlobalSection(ExtensibilityGlobals) = postSolution
		SolutionGuid = {48AA8796-4D56-46B9-B319-AB4DDF7A01D8}
	EndGlobalSection
EndGlobal
